
Microsoft Visual Studio Solution File, Format Version 12.00
# Visual Studio Version 16
VisualStudioVersion = 16.0.29905.134
MinimumVisualStudioVersion = 10.0.40219.1
Project("{9A19103F-16F7-4668-BE54-9A1E7A4F7556}") = "EmployeeAPI", "SearchAPI\EmployeeAPI.csproj", "{DF4885EB-5442-462D-BAA3-D86D294BC74B}"
EndProject
Project("{9A19103F-16F7-4668-BE54-9A1E7A4F7556}") = "EmployeeSearchTest", "EmployeeSearchTest\EmployeeSearchTest.csproj", "{D56720F1-5FDF-4F8A-8EAC-2F5C30534592}"
EndProject
Project("{9A19103F-16F7-4668-BE54-9A1E7A4F7556}") = "EmployeeRepository", "EmployeeRepository\EmployeeRepository.csproj", "{63801E54-BA52-40B4-B07B-C74F2B2D1F27}"
EndProject
Project("{FAE04EC0-301F-11D3-BF4B-00C04F79EFBC}") = "EXLEmployeeSearchUI", "EXLEmployeeSearchUI\EXLEmployeeSearchUI.csproj", "{F2AD7232-A439-476E-881D-A9D7CC747F8A}"
EndProject
Global
	GlobalSection(SolutionConfigurationPlatforms) = preSolution
		Debug|Any CPU = Debug|Any CPU
		Release|Any CPU = Release|Any CPU
	EndGlobalSection
	GlobalSection(ProjectConfigurationPlatforms) = postSolution
		{DF4885EB-5442-462D-BAA3-D86D294BC74B}.Debug|Any CPU.ActiveCfg = Debug|Any CPU
		{DF4885EB-5442-462D-BAA3-D86D294BC74B}.Debug|Any CPU.Build.0 = Debug|Any CPU
		{DF4885EB-5442-462D-BAA3-D86D294BC74B}.Release|Any CPU.ActiveCfg = Release|Any CPU
		{DF4885EB-5442-462D-BAA3-D86D294BC74B}.Release|Any CPU.Build.0 = Release|Any CPU
		{D56720F1-5FDF-4F8A-8EAC-2F5C30534592}.Debug|Any CPU.ActiveCfg = Debug|Any CPU
		{D56720F1-5FDF-4F8A-8EAC-2F5C30534592}.Debug|Any CPU.Build.0 = Debug|Any CPU
		{D56720F1-5FDF-4F8A-8EAC-2F5C30534592}.Release|Any CPU.ActiveCfg = Release|Any CPU
		{D56720F1-5FDF-4F8A-8EAC-2F5C30534592}.Release|Any CPU.Build.0 = Release|Any CPU
		{63801E54-BA52-40B4-B07B-C74F2B2D1F27}.Debug|Any CPU.ActiveCfg = Debug|Any CPU
		{63801E54-BA52-40B4-B07B-C74F2B2D1F27}.Debug|Any CPU.Build.0 = Debug|Any CPU
		{63801E54-BA52-40B4-B07B-C74F2B2D1F27}.Release|Any CPU.ActiveCfg = Release|Any CPU
		{63801E54-BA52-40B4-B07B-C74F2B2D1F27}.Release|Any CPU.Build.0 = Release|Any CPU
		{F2AD7232-A439-476E-881D-A9D7CC747F8A}.Debug|Any CPU.ActiveCfg = Debug|Any CPU
		{F2AD7232-A439-476E-881D-A9D7CC747F8A}.Debug|Any CPU.Build.0 = Debug|Any CPU
		{F2AD7232-A439-476E-881D-A9D7CC747F8A}.Release|Any CPU.ActiveCfg = Release|Any CPU
		{F2AD7232-A439-476E-881D-A9D7CC747F8A}.Release|Any CPU.Build.0 = Release|Any CPU
	EndGlobalSection
	GlobalSection(SolutionProperties) = preSolution
		HideSolutionNode = FALSE
	EndGlobalSection
	GlobalSection(ExtensibilityGlobals) = postSolution
		SolutionGuid = {2F998283-C32A-4FFD-A668-C7A3F7522ADF}
	EndGlobalSection
EndGlobal
